
Microsoft Visual Studio Solution File, Format Version 12.00
# Visual Studio 15
VisualStudioVersion = 15.0.26403.7
MinimumVisualStudioVersion = 10.0.40219.1
Project("{FAE04EC0-301F-11D3-BF4B-00C04F79EFBC}") = "Goo!", "Goo!\Goo!.csproj", "{F05127A4-495E-41D5-BD22-8B96566DC5E1}"
EndProject
Project("{FAE04EC0-301F-11D3-BF4B-00C04F79EFBC}") = "Gooprint", "Gooprint\Gooprint.csproj", "{03620737-18EB-4671-9159-6C62F3353D63}"
EndProject
Global
	GlobalSection(SolutionConfigurationPlatforms) = preSolution
		Debug|Any CPU = Debug|Any CPU
		Release|Any CPU = Release|Any CPU
	EndGlobalSection
	GlobalSection(ProjectConfigurationPlatforms) = postSolution
		{F05127A4-495E-41D5-BD22-8B96566DC5E1}.Debug|Any CPU.ActiveCfg = Debug|Any CPU
		{F05127A4-495E-41D5-BD22-8B96566DC5E1}.Debug|Any CPU.Build.0 = Debug|Any CPU
		{F05127A4-495E-41D5-BD22-8B96566DC5E1}.Release|Any CPU.ActiveCfg = Release|Any CPU
		{F05127A4-495E-41D5-BD22-8B96566DC5E1}.Release|Any CPU.Build.0 = Release|Any CPU
		{03620737-18EB-4671-9159-6C62F3353D63}.Debug|Any CPU.ActiveCfg = Debug|Any CPU
		{03620737-18EB-4671-9159-6C62F3353D63}.Debug|Any CPU.Build.0 = Debug|Any CPU
		{03620737-18EB-4671-9159-6C62F3353D63}.Release|Any CPU.ActiveCfg = Release|Any CPU
		{03620737-18EB-4671-9159-6C62F3353D63}.Release|Any CPU.Build.0 = Release|Any CPU
	EndGlobalSection
	GlobalSection(SolutionProperties) = preSolution
		HideSolutionNode = FALSE
	EndGlobalSection
EndGlobal
